<?xml version="1.0" encoding="utf-8"?>
<Project ToolsVersion="4.0" xmlns="http://schemas.microsoft.com/developer/msbuild/2003">
  <ItemGroup>
    <ClInclude Include="AFCKernelModule.h" />
    <ClInclude Include="AFKernelPlugin.h" />
    <ClInclude Include="AFCConfigModule.h" />
    <ClInclude Include="AFCMetaClassModule.h" />
    <ClInclude Include="AFCMapModule.h" />
  </ItemGroup>
  <ItemGroup>
    <ClCompile Include="dllmain.cpp" />
    <ClCompile Include="AFCKernelModule.cpp" />
    <ClCompile Include="AFKernelPlugin.cpp" />
    <ClCompile Include="AFCConfigModule.cpp" />
    <ClCompile Include="AFCMetaClassModule.cpp" />
    <ClCompile Include="AFCMapModule.cpp" />
  </ItemGroup>
</Project>