<?xml version="1.0" encoding="utf-8"?>
<Project ToolsVersion="4.0" xmlns="http://schemas.microsoft.com/developer/msbuild/2003">
  <ItemGroup>
    <ClCompile Include="dllmain.cpp" />
    <ClCompile Include="AFCGUIDModule.cpp">
      <Filter>GUIDModule</Filter>
    </ClCompile>
    <ClCompile Include="AFUtilityPlugin.cpp">
      <Filter>Plugin</Filter>
    </ClCompile>
    <ClCompile Include="AFCScheduleModule.cpp">
      <Filter>ScheduleModule</Filter>
    </ClCompile>
    <ClCompile Include="AFCTimerModule.cpp">
      <Filter>TimerModule</Filter>
    </ClCompile>
    <ClCompile Include="AFCLogModule.cpp">
      <Filter>LogModule</Filter>
    </ClCompile>
  </ItemGroup>
  <ItemGroup>
    <ClInclude Include="AFCGUIDModule.h">
      <Filter>GUIDModule</Filter>
    </ClInclude>
    <ClInclude Include="AFUtilityPlugin.h">
      <Filter>Plugin</Filter>
    </ClInclude>
    <ClInclude Include="AFCScheduleModule.h">
      <Filter>ScheduleModule</Filter>
    </ClInclude>
    <ClInclude Include="AFCTimerModule.h">
      <Filter>TimerModule</Filter>
    </ClInclude>
    <ClInclude Include="AFCLogModule.h">
      <Filter>LogModule</Filter>
    </ClInclude>
  </ItemGroup>
  <ItemGroup>
    <Filter Include="Plugin">
      <UniqueIdentifier>{dd35784e-5218-4392-b2f9-59ad13b4438f}</UniqueIdentifier>
    </Filter>
    <Filter Include="ScheduleModule">
      <UniqueIdentifier>{d7748549-21cf-41b3-87be-bc3b6775e7f0}</UniqueIdentifier>
    </Filter>
    <Filter Include="GUIDModule">
      <UniqueIdentifier>{90913ee5-a19d-4abe-9140-c81509172c54}</UniqueIdentifier>
    </Filter>
    <Filter Include="LogModule">
      <UniqueIdentifier>{c58ba43f-0a44-4368-b6ca-2a0f9401c1a3}</UniqueIdentifier>
    </Filter>
    <Filter Include="TimerModule">
      <UniqueIdentifier>{d8f35e51-2dd5-4b3b-911d-bad8a174815c}</UniqueIdentifier>
    </Filter>
  </ItemGroup>
</Project>