<?xml version="1.0" encoding="utf-8"?>
<Project ToolsVersion="4.0" xmlns="http://schemas.microsoft.com/developer/msbuild/2003">
  <ItemGroup>
    <ClCompile Include="AFCLoginNet_ServerModule.cpp" />
    <ClCompile Include="dllmain.cpp" />
    <ClCompile Include="AFLoginNetServerPlugin.cpp" />
  </ItemGroup>
  <ItemGroup>
    <ClInclude Include="AFCLoginNet_ServerModule.h" />
    <ClInclude Include="AFLoginNetServerPlugin.h" />
  </ItemGroup>
</Project>