<?xml version="1.0" encoding="utf-8"?>
<Project ToolsVersion="4.0" xmlns="http://schemas.microsoft.com/developer/msbuild/2003">
  <ItemGroup>
    <ClCompile Include="AFCMasterModule.cpp" />
    <ClCompile Include="dllmain.cpp" />
    <ClCompile Include="AFMasterLogicPlugin.cpp" />
  </ItemGroup>
  <ItemGroup>
    <ClInclude Include="AFCMasterModule.h" />
    <ClInclude Include="AFMasterLogicPlugin.h" />
  </ItemGroup>
</Project>