<?xml version="1.0" encoding="utf-8"?>
<Project ToolsVersion="4.0" xmlns="http://schemas.microsoft.com/developer/msbuild/2003">
  <ItemGroup>
    <Filter Include="Core">
      <UniqueIdentifier>{b5f80948-3769-4657-b1ce-fd9d9d536f73}</UniqueIdentifier>
    </Filter>
    <Filter Include="Common">
      <UniqueIdentifier>{4be5f2f0-1e87-42a7-82be-3a5030d45bc5}</UniqueIdentifier>
    </Filter>
  </ItemGroup>
  <ItemGroup>
    <ClInclude Include="Common\cronexpr.h">
      <Filter>Common</Filter>
    </ClInclude>
    <ClInclude Include="AFArrayMap.hpp">
      <Filter>Core</Filter>
    </ClInclude>
    <ClInclude Include="AFArrayPod.hpp">
      <Filter>Core</Filter>
    </ClInclude>
    <ClInclude Include="AFBitValue.hpp">
      <Filter>Core</Filter>
    </ClInclude>
    <ClInclude Include="AFBuffer.hpp">
      <Filter>Core</Filter>
    </ClInclude>
    <ClInclude Include="AFCAddConsistentHash.hpp">
      <Filter>Core</Filter>
    </ClInclude>
    <ClInclude Include="AFCConsistentHash.hpp">
      <Filter>Core</Filter>
    </ClInclude>
    <ClInclude Include="AFCData.hpp">
      <Filter>Core</Filter>
    </ClInclude>
    <ClInclude Include="AFCDataList.hpp">
      <Filter>Core</Filter>
    </ClInclude>
    <ClInclude Include="AFCDataNodeManager.h">
      <Filter>Core</Filter>
    </ClInclude>
    <ClInclude Include="AFCDataTableManager.h">
      <Filter>Core</Filter>
    </ClInclude>
    <ClInclude Include="AFCEntity.h">
      <Filter>Core</Filter>
    </ClInclude>
    <ClInclude Include="AFCEventManager.h">
      <Filter>Core</Filter>
    </ClInclude>
    <ClInclude Include="AFCHeartBeatManager.h">
      <Filter>Core</Filter>
    </ClInclude>
    <ClInclude Include="AFCoreDef.hpp">
      <Filter>Core</Filter>
    </ClInclude>
    <ClInclude Include="AFCronScheduler.hpp">
      <Filter>Core</Filter>
    </ClInclude>
    <ClInclude Include="AFDataNode.hpp">
      <Filter>Core</Filter>
    </ClInclude>
    <ClInclude Include="AFDataTable.h">
      <Filter>Core</Filter>
    </ClInclude>
    <ClInclude Include="AFDateTime.hpp">
      <Filter>Core</Filter>
    </ClInclude>
    <ClInclude Include="AFDefine.hpp">
      <Filter>Core</Filter>
    </ClInclude>
    <ClInclude Include="AFGUID.hpp">
      <Filter>Core</Filter>
    </ClInclude>
    <ClInclude Include="AFHashmap.hpp">
      <Filter>Core</Filter>
    </ClInclude>
    <ClInclude Include="AFIComponent.h">
      <Filter>Core</Filter>
    </ClInclude>
    <ClInclude Include="AFIData.hpp">
      <Filter>Core</Filter>
    </ClInclude>
    <ClInclude Include="AFIDataList.hpp">
      <Filter>Core</Filter>
    </ClInclude>
    <ClInclude Include="AFIDataNodeManager.h">
      <Filter>Core</Filter>
    </ClInclude>
    <ClInclude Include="AFIDataTableManager.h">
      <Filter>Core</Filter>
    </ClInclude>
    <ClInclude Include="AFIEntity.h">
      <Filter>Core</Filter>
    </ClInclude>
    <ClInclude Include="AFIEventManager.h">
      <Filter>Core</Filter>
    </ClInclude>
    <ClInclude Include="AFIHeartBeatManager.h">
      <Filter>Core</Filter>
    </ClInclude>
    <ClInclude Include="AFList.hpp">
      <Filter>Core</Filter>
    </ClInclude>
    <ClInclude Include="AFLockFreeQueue.hpp">
      <Filter>Core</Filter>
    </ClInclude>
    <ClInclude Include="AFMacros.hpp">
      <Filter>Core</Filter>
    </ClInclude>
    <ClInclude Include="AFMap.hpp">
      <Filter>Core</Filter>
    </ClInclude>
    <ClInclude Include="AFMisc.hpp">
      <Filter>Core</Filter>
    </ClInclude>
    <ClInclude Include="AFNoncopyable.hpp">
      <Filter>Core</Filter>
    </ClInclude>
    <ClInclude Include="AFPlatform.hpp">
      <Filter>Core</Filter>
    </ClInclude>
    <ClInclude Include="AFQueue.hpp">
      <Filter>Core</Filter>
    </ClInclude>
    <ClInclude Include="AFRandom.hpp">
      <Filter>Core</Filter>
    </ClInclude>
    <ClInclude Include="AFRWLock.hpp">
      <Filter>Core</Filter>
    </ClInclude>
    <ClInclude Include="AFSingleton.hpp">
      <Filter>Core</Filter>
    </ClInclude>
    <ClInclude Include="AFSpinLock.hpp">
      <Filter>Core</Filter>
    </ClInclude>
    <ClInclude Include="AFString.hpp">
      <Filter>Core</Filter>
    </ClInclude>
    <ClInclude Include="AFStringPod.hpp">
      <Filter>Core</Filter>
    </ClInclude>
    <ClInclude Include="AFTimer.hpp">
      <Filter>Core</Filter>
    </ClInclude>
    <ClInclude Include="AFVector3.hpp">
      <Filter>Core</Filter>
    </ClInclude>
  </ItemGroup>
  <ItemGroup>
    <ClCompile Include="Common\cronexpr.cpp">
      <Filter>Common</Filter>
    </ClCompile>
    <ClCompile Include="AFCDataNodeManager.cpp">
      <Filter>Core</Filter>
    </ClCompile>
    <ClCompile Include="AFCDataTableManager.cpp">
      <Filter>Core</Filter>
    </ClCompile>
    <ClCompile Include="AFCEntity.cpp">
      <Filter>Core</Filter>
    </ClCompile>
    <ClCompile Include="AFCEventManager.cpp">
      <Filter>Core</Filter>
    </ClCompile>
    <ClCompile Include="AFCHeartBeatManager.cpp">
      <Filter>Core</Filter>
    </ClCompile>
    <ClCompile Include="AFDataTable.cpp">
      <Filter>Core</Filter>
    </ClCompile>
  </ItemGroup>
</Project>