<?xml version="1.0" encoding="utf-8"?>
<Project ToolsVersion="4.0" xmlns="http://schemas.microsoft.com/developer/msbuild/2003">
  <ItemGroup>
    <Filter Include="Core">
      <UniqueIdentifier>{b5f80948-3769-4657-b1ce-fd9d9d536f73}</UniqueIdentifier>
    </Filter>
  </ItemGroup>
  <ItemGroup>
    <ClInclude Include="AFCEventManager.h">
      <Filter>Core</Filter>
    </ClInclude>
    <ClInclude Include="AFCHeartBeatManager.h">
      <Filter>Core</Filter>
    </ClInclude>
    <ClInclude Include="AFIComponent.h">
      <Filter>Core</Filter>
    </ClInclude>
    <ClInclude Include="AFIEventManager.h">
      <Filter>Core</Filter>
    </ClInclude>
    <ClInclude Include="AFIHeartBeatManager.h">
      <Filter>Core</Filter>
    </ClInclude>
    <ClInclude Include="AFCEntity.h">
      <Filter>Core</Filter>
    </ClInclude>
    <ClInclude Include="AFIEntity.h">
      <Filter>Core</Filter>
    </ClInclude>
    <ClInclude Include="AFDataTable.h">
      <Filter>Core</Filter>
    </ClInclude>
    <ClInclude Include="AFIDataTableManager.h">
      <Filter>Core</Filter>
    </ClInclude>
    <ClInclude Include="AFIDataNodeManager.h">
      <Filter>Core</Filter>
    </ClInclude>
    <ClInclude Include="AFCDataNodeManager.h">
      <Filter>Core</Filter>
    </ClInclude>
    <ClInclude Include="AFCDataTableManager.h">
      <Filter>Core</Filter>
    </ClInclude>
    <ClInclude Include="AFDataNode.h">
      <Filter>Core</Filter>
    </ClInclude>
  </ItemGroup>
  <ItemGroup>
    <ClCompile Include="AFCHeartBeatManager.cpp">
      <Filter>Core</Filter>
    </ClCompile>
    <ClCompile Include="AFCEventManager.cpp">
      <Filter>Core</Filter>
    </ClCompile>
    <ClCompile Include="AFCEntity.cpp">
      <Filter>Core</Filter>
    </ClCompile>
    <ClCompile Include="AFDataTable.cpp">
      <Filter>Core</Filter>
    </ClCompile>
    <ClCompile Include="AFCDataNodeManager.cpp">
      <Filter>Core</Filter>
    </ClCompile>
    <ClCompile Include="AFCDataTableManager.cpp">
      <Filter>Core</Filter>
    </ClCompile>
  </ItemGroup>
</Project>