<?xml version="1.0" encoding="utf-8"?>
<Project ToolsVersion="4.0" xmlns="http://schemas.microsoft.com/developer/msbuild/2003">
  <ItemGroup>
    <Filter Include="SceneModule">
      <UniqueIdentifier>{d60b14e4-c04c-46c0-ab8e-f0d3b6bdddbf}</UniqueIdentifier>
    </Filter>
    <Filter Include="PropertyModule">
      <UniqueIdentifier>{8e42431a-1328-4cf4-8d08-38101ed10817}</UniqueIdentifier>
    </Filter>
    <Filter Include="LevelModule">
      <UniqueIdentifier>{aa533cce-b50a-4d4d-8afa-bb17e50e601b}</UniqueIdentifier>
    </Filter>
    <Filter Include="NetModule">
      <UniqueIdentifier>{96dee875-7df3-4ade-bf4d-0e2661a38162}</UniqueIdentifier>
    </Filter>
  </ItemGroup>
  <ItemGroup>
    <ClCompile Include="dllmain.cpp" />
    <ClCompile Include="AFCPropertyConfigModule.cpp">
      <Filter>PropertyModule</Filter>
    </ClCompile>
    <ClCompile Include="AFCPropertyModule.cpp">
      <Filter>PropertyModule</Filter>
    </ClCompile>
    <ClCompile Include="AFCPropertyTrailModule.cpp">
      <Filter>PropertyModule</Filter>
    </ClCompile>
    <ClCompile Include="AFCSceneProcessModule.cpp">
      <Filter>SceneModule</Filter>
    </ClCompile>
    <ClCompile Include="AFCLevelModule.cpp">
      <Filter>LevelModule</Filter>
    </ClCompile>
    <ClCompile Include="AFGamePlugin.cpp" />
    <ClCompile Include="AFCAccountModule.cpp" />
    <ClCompile Include="AFCGameNetServerModule.cpp">
      <Filter>NetModule</Filter>
    </ClCompile>
    <ClCompile Include="AFCGameNetClientModule.cpp">
      <Filter>NetModule</Filter>
    </ClCompile>
  </ItemGroup>
  <ItemGroup>
    <ClInclude Include="AFCPropertyConfigModule.h">
      <Filter>PropertyModule</Filter>
    </ClInclude>
    <ClInclude Include="AFCPropertyModule.h">
      <Filter>PropertyModule</Filter>
    </ClInclude>
    <ClInclude Include="AFCPropertyTrailModule.h">
      <Filter>PropertyModule</Filter>
    </ClInclude>
    <ClInclude Include="AFCSceneProcessModule.h">
      <Filter>SceneModule</Filter>
    </ClInclude>
    <ClInclude Include="AFCLevelModule.h">
      <Filter>LevelModule</Filter>
    </ClInclude>
    <ClInclude Include="AFGamePlugin.h" />
    <ClInclude Include="AFCAccountModule.h" />
    <ClInclude Include="AFCGameNetServerModule.h">
      <Filter>NetModule</Filter>
    </ClInclude>
    <ClInclude Include="AFCGameNetClientModule.h">
      <Filter>NetModule</Filter>
    </ClInclude>
  </ItemGroup>
</Project>