
Microsoft Visual Studio Solution File, Format Version 12.00
# Visual Studio 15
VisualStudioVersion = 15.0.27130.2027
MinimumVisualStudioVersion = 10.0.40219.1
Project("{2150E333-8FDC-42A3-9474-1A3956D46DE8}") = "SDK", "SDK", "{410C8A08-63DC-45B2-ADB9-08CD991861F0}"
EndProject
Project("{2150E333-8FDC-42A3-9474-1A3956D46DE8}") = "Server", "Server", "{2EDDAD6B-1B81-4FE1-B2CA-1A166883EC11}"
EndProject
Project("{8BC9CEB8-8B4A-11D0-8D11-00A0C91BC942}") = "AFKernelPlugin", "SDK\KernelPlugin\KernelPlugin.vcxproj", "{8F2AA50E-1F15-41E8-9EB9-07C7D0BB757C}"
	ProjectSection(ProjectDependencies) = postProject
		{B9833FE8-8C0B-40D6-BA01-3CDADEB21166} = {B9833FE8-8C0B-40D6-BA01-3CDADEB21166}
	EndProjectSection
EndProject
Project("{2150E333-8FDC-42A3-9474-1A3956D46DE8}") = "Examples", "Examples", "{374F8F3D-D507-4C1A-AEAD-376B22AAEC5F}"
EndProject
Project("{8BC9CEB8-8B4A-11D0-8D11-00A0C91BC942}") = "AFProtoPlugin", "SDK\ProtoPlugin\ProtoPlugin.vcxproj", "{3D9DB426-BA46-450B-BBAC-DABB6B6D69DE}"
EndProject
Project("{2150E333-8FDC-42A3-9474-1A3956D46DE8}") = "Tools", "Tools", "{32F9A73B-4454-4A75-A0D6-61673A7A06BA}"
EndProject
Project("{2150E333-8FDC-42A3-9474-1A3956D46DE8}") = "Launcher", "Launcher", "{07081D27-3DDB-4054-BAC4-4B5F8F95EA13}"
EndProject
Project("{FAE04EC0-301F-11D3-BF4B-00C04F79EFBC}") = "Conv2UTF8", "Tools\Conv2UTF8\Conv2UTF8.csproj", "{51E0946E-750C-48A8-B993-80F19BECA584}"
EndProject
Project("{8BC9CEB8-8B4A-11D0-8D11-00A0C91BC942}") = "AFUtilityPlugin", "SDK\UtilityPlugin\UtilityPlugin.vcxproj", "{A50912AD-3AD8-410D-BB58-F7FC1565C5E9}"
EndProject
Project("{8BC9CEB8-8B4A-11D0-8D11-00A0C91BC942}") = "AFCore", "SDK\Core\Core.vcxproj", "{B9833FE8-8C0B-40D6-BA01-3CDADEB21166}"
EndProject
Project("{FAE04EC0-301F-11D3-BF4B-00C04F79EFBC}") = "FileProcessor", "Tools\FileProcessor\FileProcessor.csproj", "{5452C17A-11B7-4B17-BF66-43555EB17CD7}"
EndProject
Project("{8BC9CEB8-8B4A-11D0-8D11-00A0C91BC942}") = "Example1Plugin", "Examples\Example1\Example1Plugin.vcxproj", "{C8F93E07-6303-4DD7-8831-DF402DBB0691}"
EndProject
Project("{8BC9CEB8-8B4A-11D0-8D11-00A0C91BC942}") = "Example2Plugin", "Examples\Example2\Example2Plugin.vcxproj", "{E81D3FC6-119C-410A-9704-19FBD9BA5D1B}"
EndProject
Project("{8BC9CEB8-8B4A-11D0-8D11-00A0C91BC942}") = "Example3Plugin", "Examples\Example3\Example3Plugin.vcxproj", "{40285E86-2B3A-4BA2-99D8-8D3F07A4909A}"
EndProject
Project("{8BC9CEB8-8B4A-11D0-8D11-00A0C91BC942}") = "AFGameLogicPlugin", "Server\GameLogicPlugin\GameLogicPlugin.vcxproj", "{EB9FDC0A-7CFD-4E42-8442-9A9D40511162}"
EndProject
Project("{8BC9CEB8-8B4A-11D0-8D11-00A0C91BC942}") = "AFLoginLogicPlugin", "Server\LoginLogicPlugin\LoginLogicPlugin.vcxproj", "{DF5C4125-681C-42D3-8763-ECD78385888C}"
EndProject
Project("{8BC9CEB8-8B4A-11D0-8D11-00A0C91BC942}") = "AFMasterLogicPlugin", "Server\MasterLogicPlugin\MasterServerPlugin.vcxproj", "{CB93108B-ED0C-4AB3-A349-8637E6807ED5}"
EndProject
Project("{8BC9CEB8-8B4A-11D0-8D11-00A0C91BC942}") = "AFProxyLogicPlugin", "Server\ProxyLogicPlugin\ProxyLogicPlugin.vcxproj", "{F7184B09-1086-4ECF-A833-4088389468B1}"
EndProject
Project("{8BC9CEB8-8B4A-11D0-8D11-00A0C91BC942}") = "AFWorldLogicPlugin", "Server\WorldLogicPlugin\WorldLogicPlugin.vcxproj", "{45ABC2B9-730E-450F-BBE7-B9894BCDB0C6}"
EndProject
Project("{8BC9CEB8-8B4A-11D0-8D11-00A0C91BC942}") = "AFNetPlugin", "SDK\NetPlugin\AFNetPlugin.vcxproj", "{75AD5475-3AA7-4A84-AC0A-620688C85E53}"
EndProject
Project("{8BC9CEB8-8B4A-11D0-8D11-00A0C91BC942}") = "AFBusPlugin", "SDK\BusPlugin\BusPlugin.vcxproj", "{9D23DA22-6ECC-47CB-85F7-0BF440B88298}"
EndProject
Project("{8BC9CEB8-8B4A-11D0-8D11-00A0C91BC942}") = "Launcher", "Launcher\Launcher.vcxproj", "{B65A0FB2-E49B-4FE9-93F7-EAE6B8E51944}"
EndProject
Global
	GlobalSection(SolutionConfigurationPlatforms) = preSolution
		Debug|x64 = Debug|x64
		Release|x64 = Release|x64
	EndGlobalSection
	GlobalSection(ProjectConfigurationPlatforms) = postSolution
		{8F2AA50E-1F15-41E8-9EB9-07C7D0BB757C}.Debug|x64.ActiveCfg = Debug|x64
		{8F2AA50E-1F15-41E8-9EB9-07C7D0BB757C}.Debug|x64.Build.0 = Debug|x64
		{8F2AA50E-1F15-41E8-9EB9-07C7D0BB757C}.Release|x64.ActiveCfg = Release|x64
		{8F2AA50E-1F15-41E8-9EB9-07C7D0BB757C}.Release|x64.Build.0 = Release|x64
		{3D9DB426-BA46-450B-BBAC-DABB6B6D69DE}.Debug|x64.ActiveCfg = Debug|x64
		{3D9DB426-BA46-450B-BBAC-DABB6B6D69DE}.Debug|x64.Build.0 = Debug|x64
		{3D9DB426-BA46-450B-BBAC-DABB6B6D69DE}.Release|x64.ActiveCfg = Release|x64
		{3D9DB426-BA46-450B-BBAC-DABB6B6D69DE}.Release|x64.Build.0 = Release|x64
		{51E0946E-750C-48A8-B993-80F19BECA584}.Debug|x64.ActiveCfg = Debug|Any CPU
		{51E0946E-750C-48A8-B993-80F19BECA584}.Debug|x64.Build.0 = Debug|Any CPU
		{51E0946E-750C-48A8-B993-80F19BECA584}.Release|x64.ActiveCfg = Release|Any CPU
		{51E0946E-750C-48A8-B993-80F19BECA584}.Release|x64.Build.0 = Release|Any CPU
		{A50912AD-3AD8-410D-BB58-F7FC1565C5E9}.Debug|x64.ActiveCfg = Debug|x64
		{A50912AD-3AD8-410D-BB58-F7FC1565C5E9}.Debug|x64.Build.0 = Debug|x64
		{A50912AD-3AD8-410D-BB58-F7FC1565C5E9}.Release|x64.ActiveCfg = Release|x64
		{A50912AD-3AD8-410D-BB58-F7FC1565C5E9}.Release|x64.Build.0 = Release|x64
		{B9833FE8-8C0B-40D6-BA01-3CDADEB21166}.Debug|x64.ActiveCfg = Debug|x64
		{B9833FE8-8C0B-40D6-BA01-3CDADEB21166}.Debug|x64.Build.0 = Debug|x64
		{B9833FE8-8C0B-40D6-BA01-3CDADEB21166}.Release|x64.ActiveCfg = Release|x64
		{B9833FE8-8C0B-40D6-BA01-3CDADEB21166}.Release|x64.Build.0 = Release|x64
		{5452C17A-11B7-4B17-BF66-43555EB17CD7}.Debug|x64.ActiveCfg = Debug|Any CPU
		{5452C17A-11B7-4B17-BF66-43555EB17CD7}.Debug|x64.Build.0 = Debug|Any CPU
		{5452C17A-11B7-4B17-BF66-43555EB17CD7}.Release|x64.ActiveCfg = Release|Any CPU
		{5452C17A-11B7-4B17-BF66-43555EB17CD7}.Release|x64.Build.0 = Release|Any CPU
		{C8F93E07-6303-4DD7-8831-DF402DBB0691}.Debug|x64.ActiveCfg = Debug|x64
		{C8F93E07-6303-4DD7-8831-DF402DBB0691}.Debug|x64.Build.0 = Debug|x64
		{C8F93E07-6303-4DD7-8831-DF402DBB0691}.Release|x64.ActiveCfg = Release|x64
		{C8F93E07-6303-4DD7-8831-DF402DBB0691}.Release|x64.Build.0 = Release|x64
		{E81D3FC6-119C-410A-9704-19FBD9BA5D1B}.Debug|x64.ActiveCfg = Debug|x64
		{E81D3FC6-119C-410A-9704-19FBD9BA5D1B}.Debug|x64.Build.0 = Debug|x64
		{E81D3FC6-119C-410A-9704-19FBD9BA5D1B}.Release|x64.ActiveCfg = Release|x64
		{E81D3FC6-119C-410A-9704-19FBD9BA5D1B}.Release|x64.Build.0 = Release|x64
		{40285E86-2B3A-4BA2-99D8-8D3F07A4909A}.Debug|x64.ActiveCfg = Debug|x64
		{40285E86-2B3A-4BA2-99D8-8D3F07A4909A}.Debug|x64.Build.0 = Debug|x64
		{40285E86-2B3A-4BA2-99D8-8D3F07A4909A}.Release|x64.ActiveCfg = Release|x64
		{40285E86-2B3A-4BA2-99D8-8D3F07A4909A}.Release|x64.Build.0 = Release|x64
		{EB9FDC0A-7CFD-4E42-8442-9A9D40511162}.Debug|x64.ActiveCfg = Debug|x64
		{EB9FDC0A-7CFD-4E42-8442-9A9D40511162}.Debug|x64.Build.0 = Debug|x64
		{EB9FDC0A-7CFD-4E42-8442-9A9D40511162}.Release|x64.ActiveCfg = Release|x64
		{EB9FDC0A-7CFD-4E42-8442-9A9D40511162}.Release|x64.Build.0 = Release|x64
		{DF5C4125-681C-42D3-8763-ECD78385888C}.Debug|x64.ActiveCfg = Debug|x64
		{DF5C4125-681C-42D3-8763-ECD78385888C}.Debug|x64.Build.0 = Debug|x64
		{DF5C4125-681C-42D3-8763-ECD78385888C}.Release|x64.ActiveCfg = Release|x64
		{DF5C4125-681C-42D3-8763-ECD78385888C}.Release|x64.Build.0 = Release|x64
		{CB93108B-ED0C-4AB3-A349-8637E6807ED5}.Debug|x64.ActiveCfg = Debug|x64
		{CB93108B-ED0C-4AB3-A349-8637E6807ED5}.Debug|x64.Build.0 = Debug|x64
		{CB93108B-ED0C-4AB3-A349-8637E6807ED5}.Release|x64.ActiveCfg = Release|x64
		{CB93108B-ED0C-4AB3-A349-8637E6807ED5}.Release|x64.Build.0 = Release|x64
		{F7184B09-1086-4ECF-A833-4088389468B1}.Debug|x64.ActiveCfg = Debug|x64
		{F7184B09-1086-4ECF-A833-4088389468B1}.Debug|x64.Build.0 = Debug|x64
		{F7184B09-1086-4ECF-A833-4088389468B1}.Release|x64.ActiveCfg = Release|x64
		{F7184B09-1086-4ECF-A833-4088389468B1}.Release|x64.Build.0 = Release|x64
		{45ABC2B9-730E-450F-BBE7-B9894BCDB0C6}.Debug|x64.ActiveCfg = Debug|x64
		{45ABC2B9-730E-450F-BBE7-B9894BCDB0C6}.Debug|x64.Build.0 = Debug|x64
		{45ABC2B9-730E-450F-BBE7-B9894BCDB0C6}.Release|x64.ActiveCfg = Release|x64
		{45ABC2B9-730E-450F-BBE7-B9894BCDB0C6}.Release|x64.Build.0 = Release|x64
		{75AD5475-3AA7-4A84-AC0A-620688C85E53}.Debug|x64.ActiveCfg = Debug|x64
		{75AD5475-3AA7-4A84-AC0A-620688C85E53}.Debug|x64.Build.0 = Debug|x64
		{75AD5475-3AA7-4A84-AC0A-620688C85E53}.Release|x64.ActiveCfg = Release|x64
		{75AD5475-3AA7-4A84-AC0A-620688C85E53}.Release|x64.Build.0 = Release|x64
		{9D23DA22-6ECC-47CB-85F7-0BF440B88298}.Debug|x64.ActiveCfg = Debug|x64
		{9D23DA22-6ECC-47CB-85F7-0BF440B88298}.Debug|x64.Build.0 = Debug|x64
		{9D23DA22-6ECC-47CB-85F7-0BF440B88298}.Release|x64.ActiveCfg = Release|x64
		{9D23DA22-6ECC-47CB-85F7-0BF440B88298}.Release|x64.Build.0 = Release|x64
		{B65A0FB2-E49B-4FE9-93F7-EAE6B8E51944}.Debug|x64.ActiveCfg = Debug|x64
		{B65A0FB2-E49B-4FE9-93F7-EAE6B8E51944}.Debug|x64.Build.0 = Debug|x64
		{B65A0FB2-E49B-4FE9-93F7-EAE6B8E51944}.Release|x64.ActiveCfg = Release|x64
		{B65A0FB2-E49B-4FE9-93F7-EAE6B8E51944}.Release|x64.Build.0 = Release|x64
	EndGlobalSection
	GlobalSection(SolutionProperties) = preSolution
		HideSolutionNode = FALSE
	EndGlobalSection
	GlobalSection(NestedProjects) = preSolution
		{8F2AA50E-1F15-41E8-9EB9-07C7D0BB757C} = {410C8A08-63DC-45B2-ADB9-08CD991861F0}
		{3D9DB426-BA46-450B-BBAC-DABB6B6D69DE} = {410C8A08-63DC-45B2-ADB9-08CD991861F0}
		{51E0946E-750C-48A8-B993-80F19BECA584} = {32F9A73B-4454-4A75-A0D6-61673A7A06BA}
		{A50912AD-3AD8-410D-BB58-F7FC1565C5E9} = {410C8A08-63DC-45B2-ADB9-08CD991861F0}
		{B9833FE8-8C0B-40D6-BA01-3CDADEB21166} = {410C8A08-63DC-45B2-ADB9-08CD991861F0}
		{5452C17A-11B7-4B17-BF66-43555EB17CD7} = {32F9A73B-4454-4A75-A0D6-61673A7A06BA}
		{C8F93E07-6303-4DD7-8831-DF402DBB0691} = {374F8F3D-D507-4C1A-AEAD-376B22AAEC5F}
		{E81D3FC6-119C-410A-9704-19FBD9BA5D1B} = {374F8F3D-D507-4C1A-AEAD-376B22AAEC5F}
		{40285E86-2B3A-4BA2-99D8-8D3F07A4909A} = {374F8F3D-D507-4C1A-AEAD-376B22AAEC5F}
		{EB9FDC0A-7CFD-4E42-8442-9A9D40511162} = {2EDDAD6B-1B81-4FE1-B2CA-1A166883EC11}
		{DF5C4125-681C-42D3-8763-ECD78385888C} = {2EDDAD6B-1B81-4FE1-B2CA-1A166883EC11}
		{CB93108B-ED0C-4AB3-A349-8637E6807ED5} = {2EDDAD6B-1B81-4FE1-B2CA-1A166883EC11}
		{F7184B09-1086-4ECF-A833-4088389468B1} = {2EDDAD6B-1B81-4FE1-B2CA-1A166883EC11}
		{45ABC2B9-730E-450F-BBE7-B9894BCDB0C6} = {2EDDAD6B-1B81-4FE1-B2CA-1A166883EC11}
		{75AD5475-3AA7-4A84-AC0A-620688C85E53} = {410C8A08-63DC-45B2-ADB9-08CD991861F0}
		{9D23DA22-6ECC-47CB-85F7-0BF440B88298} = {410C8A08-63DC-45B2-ADB9-08CD991861F0}
		{B65A0FB2-E49B-4FE9-93F7-EAE6B8E51944} = {07081D27-3DDB-4054-BAC4-4B5F8F95EA13}
	EndGlobalSection
	GlobalSection(ExtensibilityGlobals) = postSolution
		SolutionGuid = {FC0635D4-DDBA-4CFE-8273-5C4E51F2B97B}
	EndGlobalSection
EndGlobal
