Microsoft Visual Studio Solution File, Format Version 12.00
# Visual Studio 15
VisualStudioVersion = 15.0.27130.2027
MinimumVisualStudioVersion = 10.0.40219.1
Project("{2150E333-8FDC-42A3-9474-1A3956D46DE8}") = "sdk", "sdk", "{410C8A08-63DC-45B2-ADB9-08CD991861F0}"
EndProject
Project("{2150E333-8FDC-42A3-9474-1A3956D46DE8}") = "server", "server", "{2EDDAD6B-1B81-4FE1-B2CA-1A166883EC11}"
EndProject
Project("{8BC9CEB8-8B4A-11D0-8D11-00A0C91BC942}") = "AFKernelPlugin", "sdk\kernel\kernel.vcxproj", "{8F2AA50E-1F15-41E8-9EB9-07C7D0BB757C}"
	ProjectSection(ProjectDependencies) = postProject
		{A50912AD-3AD8-410D-BB58-F7FC1565C5E9} = {A50912AD-3AD8-410D-BB58-F7FC1565C5E9}
	EndProjectSection
EndProject
Project("{2150E333-8FDC-42A3-9474-1A3956D46DE8}") = "samples", "samples", "{374F8F3D-D507-4C1A-AEAD-376B22AAEC5F}"
EndProject
Project("{2150E333-8FDC-42A3-9474-1A3956D46DE8}") = "tools", "tools", "{32F9A73B-4454-4A75-A0D6-61673A7A06BA}"
EndProject
Project("{2150E333-8FDC-42A3-9474-1A3956D46DE8}") = "app", "app", "{07081D27-3DDB-4054-BAC4-4B5F8F95EA13}"
EndProject
Project("{8BC9CEB8-8B4A-11D0-8D11-00A0C91BC942}") = "AFUtilityPlugin", "sdk\utility\utility.vcxproj", "{A50912AD-3AD8-410D-BB58-F7FC1565C5E9}"
EndProject
Project("{8BC9CEB8-8B4A-11D0-8D11-00A0C91BC942}") = "Sample1Plugin", "samples\sample1\sample1.vcxproj", "{C8F93E07-6303-4DD7-8831-DF402DBB0691}"
	ProjectSection(ProjectDependencies) = postProject
		{8F2AA50E-1F15-41E8-9EB9-07C7D0BB757C} = {8F2AA50E-1F15-41E8-9EB9-07C7D0BB757C}
		{3D9DB426-BA46-450B-BBAC-DABB6B6D69DE} = {3D9DB426-BA46-450B-BBAC-DABB6B6D69DE}
		{A50912AD-3AD8-410D-BB58-F7FC1565C5E9} = {A50912AD-3AD8-410D-BB58-F7FC1565C5E9}
		{B65A0FB2-E49B-4FE9-93F7-EAE6B8E51944} = {B65A0FB2-E49B-4FE9-93F7-EAE6B8E51944}
	EndProjectSection
EndProject
Project("{8BC9CEB8-8B4A-11D0-8D11-00A0C91BC942}") = "Sample2Plugin", "samples\sample2\sample2.vcxproj", "{E81D3FC6-119C-410A-9704-19FBD9BA5D1B}"
	ProjectSection(ProjectDependencies) = postProject
		{8F2AA50E-1F15-41E8-9EB9-07C7D0BB757C} = {8F2AA50E-1F15-41E8-9EB9-07C7D0BB757C}
		{9D23DA22-6ECC-47CB-85F7-0BF440B88298} = {9D23DA22-6ECC-47CB-85F7-0BF440B88298}
		{3D9DB426-BA46-450B-BBAC-DABB6B6D69DE} = {3D9DB426-BA46-450B-BBAC-DABB6B6D69DE}
		{75AD5475-3AA7-4A84-AC0A-620688C85E53} = {75AD5475-3AA7-4A84-AC0A-620688C85E53}
		{A50912AD-3AD8-410D-BB58-F7FC1565C5E9} = {A50912AD-3AD8-410D-BB58-F7FC1565C5E9}
		{B65A0FB2-E49B-4FE9-93F7-EAE6B8E51944} = {B65A0FB2-E49B-4FE9-93F7-EAE6B8E51944}
	EndProjectSection
EndProject
Project("{8BC9CEB8-8B4A-11D0-8D11-00A0C91BC942}") = "Sample3Plugin", "samples\sample3\sample3.vcxproj", "{40285E86-2B3A-4BA2-99D8-8D3F07A4909A}"
	ProjectSection(ProjectDependencies) = postProject
		{8F2AA50E-1F15-41E8-9EB9-07C7D0BB757C} = {8F2AA50E-1F15-41E8-9EB9-07C7D0BB757C}
		{9D23DA22-6ECC-47CB-85F7-0BF440B88298} = {9D23DA22-6ECC-47CB-85F7-0BF440B88298}
		{3D9DB426-BA46-450B-BBAC-DABB6B6D69DE} = {3D9DB426-BA46-450B-BBAC-DABB6B6D69DE}
		{75AD5475-3AA7-4A84-AC0A-620688C85E53} = {75AD5475-3AA7-4A84-AC0A-620688C85E53}
		{A50912AD-3AD8-410D-BB58-F7FC1565C5E9} = {A50912AD-3AD8-410D-BB58-F7FC1565C5E9}
		{B65A0FB2-E49B-4FE9-93F7-EAE6B8E51944} = {B65A0FB2-E49B-4FE9-93F7-EAE6B8E51944}
	EndProjectSection
EndProject
Project("{8BC9CEB8-8B4A-11D0-8D11-00A0C91BC942}") = "AFGamePlugin", "server\game\game.vcxproj", "{EB9FDC0A-7CFD-4E42-8442-9A9D40511162}"
	ProjectSection(ProjectDependencies) = postProject
		{8F2AA50E-1F15-41E8-9EB9-07C7D0BB757C} = {8F2AA50E-1F15-41E8-9EB9-07C7D0BB757C}
		{9D23DA22-6ECC-47CB-85F7-0BF440B88298} = {9D23DA22-6ECC-47CB-85F7-0BF440B88298}
		{3D9DB426-BA46-450B-BBAC-DABB6B6D69DE} = {3D9DB426-BA46-450B-BBAC-DABB6B6D69DE}
		{75AD5475-3AA7-4A84-AC0A-620688C85E53} = {75AD5475-3AA7-4A84-AC0A-620688C85E53}
		{A50912AD-3AD8-410D-BB58-F7FC1565C5E9} = {A50912AD-3AD8-410D-BB58-F7FC1565C5E9}
		{B65A0FB2-E49B-4FE9-93F7-EAE6B8E51944} = {B65A0FB2-E49B-4FE9-93F7-EAE6B8E51944}
	EndProjectSection
EndProject
Project("{8BC9CEB8-8B4A-11D0-8D11-00A0C91BC942}") = "AFLoginPlugin", "server\login\login.vcxproj", "{DF5C4125-681C-42D3-8763-ECD78385888C}"
	ProjectSection(ProjectDependencies) = postProject
		{8F2AA50E-1F15-41E8-9EB9-07C7D0BB757C} = {8F2AA50E-1F15-41E8-9EB9-07C7D0BB757C}
		{9D23DA22-6ECC-47CB-85F7-0BF440B88298} = {9D23DA22-6ECC-47CB-85F7-0BF440B88298}
		{3D9DB426-BA46-450B-BBAC-DABB6B6D69DE} = {3D9DB426-BA46-450B-BBAC-DABB6B6D69DE}
		{75AD5475-3AA7-4A84-AC0A-620688C85E53} = {75AD5475-3AA7-4A84-AC0A-620688C85E53}
		{A50912AD-3AD8-410D-BB58-F7FC1565C5E9} = {A50912AD-3AD8-410D-BB58-F7FC1565C5E9}
		{B65A0FB2-E49B-4FE9-93F7-EAE6B8E51944} = {B65A0FB2-E49B-4FE9-93F7-EAE6B8E51944}
	EndProjectSection
EndProject
Project("{8BC9CEB8-8B4A-11D0-8D11-00A0C91BC942}") = "AFMasterPlugin", "server\master\master.vcxproj", "{CB93108B-ED0C-4AB3-A349-8637E6807ED5}"
	ProjectSection(ProjectDependencies) = postProject
		{8F2AA50E-1F15-41E8-9EB9-07C7D0BB757C} = {8F2AA50E-1F15-41E8-9EB9-07C7D0BB757C}
		{9D23DA22-6ECC-47CB-85F7-0BF440B88298} = {9D23DA22-6ECC-47CB-85F7-0BF440B88298}
		{3D9DB426-BA46-450B-BBAC-DABB6B6D69DE} = {3D9DB426-BA46-450B-BBAC-DABB6B6D69DE}
		{75AD5475-3AA7-4A84-AC0A-620688C85E53} = {75AD5475-3AA7-4A84-AC0A-620688C85E53}
		{A50912AD-3AD8-410D-BB58-F7FC1565C5E9} = {A50912AD-3AD8-410D-BB58-F7FC1565C5E9}
		{B65A0FB2-E49B-4FE9-93F7-EAE6B8E51944} = {B65A0FB2-E49B-4FE9-93F7-EAE6B8E51944}
	EndProjectSection
EndProject
Project("{8BC9CEB8-8B4A-11D0-8D11-00A0C91BC942}") = "AFProxyPlugin", "server\proxy\proxy.vcxproj", "{F7184B09-1086-4ECF-A833-4088389468B1}"
	ProjectSection(ProjectDependencies) = postProject
		{8F2AA50E-1F15-41E8-9EB9-07C7D0BB757C} = {8F2AA50E-1F15-41E8-9EB9-07C7D0BB757C}
		{9D23DA22-6ECC-47CB-85F7-0BF440B88298} = {9D23DA22-6ECC-47CB-85F7-0BF440B88298}
		{3D9DB426-BA46-450B-BBAC-DABB6B6D69DE} = {3D9DB426-BA46-450B-BBAC-DABB6B6D69DE}
		{75AD5475-3AA7-4A84-AC0A-620688C85E53} = {75AD5475-3AA7-4A84-AC0A-620688C85E53}
		{A50912AD-3AD8-410D-BB58-F7FC1565C5E9} = {A50912AD-3AD8-410D-BB58-F7FC1565C5E9}
		{B65A0FB2-E49B-4FE9-93F7-EAE6B8E51944} = {B65A0FB2-E49B-4FE9-93F7-EAE6B8E51944}
	EndProjectSection
EndProject
Project("{8BC9CEB8-8B4A-11D0-8D11-00A0C91BC942}") = "AFWorldPlugin", "server\world\world.vcxproj", "{45ABC2B9-730E-450F-BBE7-B9894BCDB0C6}"
	ProjectSection(ProjectDependencies) = postProject
		{8F2AA50E-1F15-41E8-9EB9-07C7D0BB757C} = {8F2AA50E-1F15-41E8-9EB9-07C7D0BB757C}
		{9D23DA22-6ECC-47CB-85F7-0BF440B88298} = {9D23DA22-6ECC-47CB-85F7-0BF440B88298}
		{3D9DB426-BA46-450B-BBAC-DABB6B6D69DE} = {3D9DB426-BA46-450B-BBAC-DABB6B6D69DE}
		{75AD5475-3AA7-4A84-AC0A-620688C85E53} = {75AD5475-3AA7-4A84-AC0A-620688C85E53}
		{A50912AD-3AD8-410D-BB58-F7FC1565C5E9} = {A50912AD-3AD8-410D-BB58-F7FC1565C5E9}
		{B65A0FB2-E49B-4FE9-93F7-EAE6B8E51944} = {B65A0FB2-E49B-4FE9-93F7-EAE6B8E51944}
	EndProjectSection
EndProject
Project("{8BC9CEB8-8B4A-11D0-8D11-00A0C91BC942}") = "AFNetPlugin", "sdk\net\net.vcxproj", "{75AD5475-3AA7-4A84-AC0A-620688C85E53}"
	ProjectSection(ProjectDependencies) = postProject
		{3D9DB426-BA46-450B-BBAC-DABB6B6D69DE} = {3D9DB426-BA46-450B-BBAC-DABB6B6D69DE}
	EndProjectSection
EndProject
Project("{8BC9CEB8-8B4A-11D0-8D11-00A0C91BC942}") = "AFBusPlugin", "sdk\bus\bus.vcxproj", "{9D23DA22-6ECC-47CB-85F7-0BF440B88298}"
	ProjectSection(ProjectDependencies) = postProject
		{3D9DB426-BA46-450B-BBAC-DABB6B6D69DE} = {3D9DB426-BA46-450B-BBAC-DABB6B6D69DE}
	EndProjectSection
EndProject
Project("{8BC9CEB8-8B4A-11D0-8D11-00A0C91BC942}") = "app", "app\app.vcxproj", "{B65A0FB2-E49B-4FE9-93F7-EAE6B8E51944}"
EndProject
Project("{8BC9CEB8-8B4A-11D0-8D11-00A0C91BC942}") = "AFDirPlugin", "server\dir\dir.vcxproj", "{59BA1529-803F-49F7-8D87-1A50322BD563}"
	ProjectSection(ProjectDependencies) = postProject
		{8F2AA50E-1F15-41E8-9EB9-07C7D0BB757C} = {8F2AA50E-1F15-41E8-9EB9-07C7D0BB757C}
		{9D23DA22-6ECC-47CB-85F7-0BF440B88298} = {9D23DA22-6ECC-47CB-85F7-0BF440B88298}
		{3D9DB426-BA46-450B-BBAC-DABB6B6D69DE} = {3D9DB426-BA46-450B-BBAC-DABB6B6D69DE}
		{75AD5475-3AA7-4A84-AC0A-620688C85E53} = {75AD5475-3AA7-4A84-AC0A-620688C85E53}
		{A50912AD-3AD8-410D-BB58-F7FC1565C5E9} = {A50912AD-3AD8-410D-BB58-F7FC1565C5E9}
		{B65A0FB2-E49B-4FE9-93F7-EAE6B8E51944} = {B65A0FB2-E49B-4FE9-93F7-EAE6B8E51944}
	EndProjectSection
EndProject
Project("{8BC9CEB8-8B4A-11D0-8D11-00A0C91BC942}") = "AFRouterPlugin", "server\router\router.vcxproj", "{A226E332-B18C-48F1-A582-2325973F0DF2}"
	ProjectSection(ProjectDependencies) = postProject
		{8F2AA50E-1F15-41E8-9EB9-07C7D0BB757C} = {8F2AA50E-1F15-41E8-9EB9-07C7D0BB757C}
		{9D23DA22-6ECC-47CB-85F7-0BF440B88298} = {9D23DA22-6ECC-47CB-85F7-0BF440B88298}
		{3D9DB426-BA46-450B-BBAC-DABB6B6D69DE} = {3D9DB426-BA46-450B-BBAC-DABB6B6D69DE}
		{75AD5475-3AA7-4A84-AC0A-620688C85E53} = {75AD5475-3AA7-4A84-AC0A-620688C85E53}
		{A50912AD-3AD8-410D-BB58-F7FC1565C5E9} = {A50912AD-3AD8-410D-BB58-F7FC1565C5E9}
		{B65A0FB2-E49B-4FE9-93F7-EAE6B8E51944} = {B65A0FB2-E49B-4FE9-93F7-EAE6B8E51944}
	EndProjectSection
EndProject
Project("{2150E333-8FDC-42A3-9474-1A3956D46DE8}") = "proto", "proto", "{6FA904D8-5337-4796-B140-65550CCB3703}"
EndProject
Project("{8BC9CEB8-8B4A-11D0-8D11-00A0C91BC942}") = "AFProto", "proto\proto.vcxproj", "{3D9DB426-BA46-450B-BBAC-DABB6B6D69DE}"
EndProject
Project("{2150E333-8FDC-42A3-9474-1A3956D46DE8}") = "base", "base", "{A26ADDB9-5F0C-46AC-8FCA-A944C36323B8}"
	ProjectSection(SolutionItems) = preProject
		base\AFApp.hpp = base\AFApp.hpp
		base\AFArrayData.hpp = base\AFArrayData.hpp
		base\AFArrayMap.hpp = base\AFArrayMap.hpp
		base\AFArrayPod.hpp = base\AFArrayPod.hpp
		base\AFBaseStruct.hpp = base\AFBaseStruct.hpp
		base\AFBitValue.hpp = base\AFBitValue.hpp
		base\AFBuffer.hpp = base\AFBuffer.hpp
		base\AFBuildInData.hpp = base\AFBuildInData.hpp
		base\AFCConsistentHash.hpp = base\AFCConsistentHash.hpp
		base\AFCData.hpp = base\AFCData.hpp
		base\AFCDataList.hpp = base\AFCDataList.hpp
		base\AFCDataNodeManager.hpp = base\AFCDataNodeManager.hpp
		base\AFCDataTableManager.hpp = base\AFCDataTableManager.hpp
		base\AFCEntity.hpp = base\AFCEntity.hpp
		base\AFCEventManager.hpp = base\AFCEventManager.hpp
		base\AFCoreDef.hpp = base\AFCoreDef.hpp
		base\AFCRC.hpp = base\AFCRC.hpp
		base\AFCronScheduler.hpp = base\AFCronScheduler.hpp
		base\AFDataConfig.hpp = base\AFDataConfig.hpp
		base\AFDataDefine.hpp = base\AFDataDefine.hpp
		base\AFDataFactory.hpp = base\AFDataFactory.hpp
		base\AFDataNode.hpp = base\AFDataNode.hpp
		base\AFDataSetting.hpp = base\AFDataSetting.hpp
		base\AFDataTable.hpp = base\AFDataTable.hpp
		base\AFDateTime.hpp = base\AFDateTime.hpp
		base\AFDefine.hpp = base\AFDefine.hpp
		base\AFDLLHeader.hpp = base\AFDLLHeader.hpp
		base\AFEnum.hpp = base\AFEnum.hpp
		base\AFError.hpp = base\AFError.hpp
		base\AFErrorCode.hpp = base\AFErrorCode.hpp
		base\AFEventDefine.hpp = base\AFEventDefine.hpp
		base\AFGUID128.hpp = base\AFGUID128.hpp
		base\AFHashmap.hpp = base\AFHashmap.hpp
		base\AFList.hpp = base\AFList.hpp
		base\AFLockFreeQueue.hpp = base\AFLockFreeQueue.hpp
		base\AFMacros.hpp = base\AFMacros.hpp
		base\AFMap.hpp = base\AFMap.hpp
		base\AFMetaClassSetting.hpp = base\AFMetaClassSetting.hpp
		base\AFMisc.hpp = base\AFMisc.hpp
		base\AFNetEvent.hpp = base\AFNetEvent.hpp
		base\AFNetMsg.hpp = base\AFNetMsg.hpp
		base\AFNoncopyable.hpp = base\AFNoncopyable.hpp
		base\AFPlatform.hpp = base\AFPlatform.hpp
		base\AFProtoCPP.hpp = base\AFProtoCPP.hpp
		base\AFQueue.hpp = base\AFQueue.hpp
		base\AFRandom.hpp = base\AFRandom.hpp
		base\AFRWLock.hpp = base\AFRWLock.hpp
		base\AFSingleton.hpp = base\AFSingleton.hpp
		base\AFSocketFunc.hpp = base\AFSocketFunc.hpp
		base\AFSpinLock.hpp = base\AFSpinLock.hpp
		base\AFString.hpp = base\AFString.hpp
		base\AFStringPod.hpp = base\AFStringPod.hpp
		base\AFStructData.hpp = base\AFStructData.hpp
		base\AFTableData.hpp = base\AFTableData.hpp
		base\AFTimer.hpp = base\AFTimer.hpp
		base\AFTimeWheelTimer.hpp = base\AFTimeWheelTimer.hpp
		base\AFUidGenerator.hpp = base\AFUidGenerator.hpp
		base\AFVector3.hpp = base\AFVector3.hpp
		base\AFXml.hpp = base\AFXml.hpp
		base\atomicops.h = base\atomicops.h
		base\cronexpr.cpp = base\cronexpr.cpp
		base\cronexpr.h = base\cronexpr.h
		base\lexical_cast.hpp = base\lexical_cast.hpp
		base\readerwriterqueue.h = base\readerwriterqueue.h
	EndProjectSection
EndProject
Project("{2150E333-8FDC-42A3-9474-1A3956D46DE8}") = "interface", "interface", "{0E0334B7-B6A4-4E14-A446-30FD0606D2BD}"
	ProjectSection(SolutionItems) = preProject
		interface\AFIAccountModule.h = interface\AFIAccountModule.h
		interface\AFIBusModule.h = interface\AFIBusModule.h
		interface\AFIComponent.h = interface\AFIComponent.h
		interface\AFIConfigModule.h = interface\AFIConfigModule.h
		interface\AFIData.hpp = interface\AFIData.hpp
		interface\AFIDataEx.hpp = interface\AFIDataEx.hpp
		interface\AFIDataList.hpp = interface\AFIDataList.hpp
		interface\AFIDataNodeManager.h = interface\AFIDataNodeManager.h
		interface\AFIDataTableManager.h = interface\AFIDataTableManager.h
		interface\AFIDirNetModule.h = interface\AFIDirNetModule.h
		interface\AFIEntity.h = interface\AFIEntity.h
		interface\AFIEventManager.h = interface\AFIEventManager.h
		interface\AFIGameNetModule.h = interface\AFIGameNetModule.h
		interface\AFIGUIDModule.h = interface\AFIGUIDModule.h
		interface\AFIKernelModule.h = interface\AFIKernelModule.h
		interface\AFILevelModule.h = interface\AFILevelModule.h
		interface\AFILoginNetModule.h = interface\AFILoginNetModule.h
		interface\AFILogModule.h = interface\AFILogModule.h
		interface\AFIMapModule.h = interface\AFIMapModule.h
		interface\AFIMasterNetModule.h = interface\AFIMasterNetModule.h
		interface\AFIMetaClassModule.h = interface\AFIMetaClassModule.h
		interface\AFIModule.h = interface\AFIModule.h
		interface\AFIMsgModule.h = interface\AFIMsgModule.h
		interface\AFINet.h = interface\AFINet.h
		interface\AFINetClientService.h = interface\AFINetClientService.h
		interface\AFINetServerService.h = interface\AFINetServerService.h
		interface\AFINetServiceManagerModule.h = interface\AFINetServiceManagerModule.h
		interface\AFIPlugin.h = interface\AFIPlugin.h
		interface\AFIPluginManager.h = interface\AFIPluginManager.h
		interface\AFIPropertyConfigModule.h = interface\AFIPropertyConfigModule.h
		interface\AFIPropertyModule.h = interface\AFIPropertyModule.h
		interface\AFIPropertyTrailModule.h = interface\AFIPropertyTrailModule.h
		interface\AFIProxyNetModule.h = interface\AFIProxyNetModule.h
		interface\AFIRouterNetModule.h = interface\AFIRouterNetModule.h
		interface\AFISceneProcessModule.h = interface\AFISceneProcessModule.h
		interface\AFIScheduleModule.h = interface\AFIScheduleModule.h
		interface\AFITimerModule.h = interface\AFITimerModule.h
		interface\AFIWorldNetModule.h = interface\AFIWorldNetModule.h
	EndProjectSection
EndProject
Project("{9A19103F-16F7-4668-BE54-9A1E7A4F7556}") = "config_tool", "tools\config_tool\config_tool.csproj", "{536C275E-04B2-457F-9DD6-303621B349C2}"
EndProject
Global
	GlobalSection(SolutionConfigurationPlatforms) = preSolution
		Debug|Any CPU = Debug|Any CPU
		Debug|x64 = Debug|x64
		Release|Any CPU = Release|Any CPU
		Release|x64 = Release|x64
	EndGlobalSection
	GlobalSection(ProjectConfigurationPlatforms) = postSolution
		{8F2AA50E-1F15-41E8-9EB9-07C7D0BB757C}.Debug|Any CPU.ActiveCfg = Debug|x64
		{8F2AA50E-1F15-41E8-9EB9-07C7D0BB757C}.Debug|x64.ActiveCfg = Debug|x64
		{8F2AA50E-1F15-41E8-9EB9-07C7D0BB757C}.Debug|x64.Build.0 = Debug|x64
		{8F2AA50E-1F15-41E8-9EB9-07C7D0BB757C}.Release|Any CPU.ActiveCfg = Release|x64
		{8F2AA50E-1F15-41E8-9EB9-07C7D0BB757C}.Release|x64.ActiveCfg = Release|x64
		{8F2AA50E-1F15-41E8-9EB9-07C7D0BB757C}.Release|x64.Build.0 = Release|x64
		{A50912AD-3AD8-410D-BB58-F7FC1565C5E9}.Debug|Any CPU.ActiveCfg = Debug|x64
		{A50912AD-3AD8-410D-BB58-F7FC1565C5E9}.Debug|x64.ActiveCfg = Debug|x64
		{A50912AD-3AD8-410D-BB58-F7FC1565C5E9}.Debug|x64.Build.0 = Debug|x64
		{A50912AD-3AD8-410D-BB58-F7FC1565C5E9}.Release|Any CPU.ActiveCfg = Release|x64
		{A50912AD-3AD8-410D-BB58-F7FC1565C5E9}.Release|x64.ActiveCfg = Release|x64
		{A50912AD-3AD8-410D-BB58-F7FC1565C5E9}.Release|x64.Build.0 = Release|x64
		{C8F93E07-6303-4DD7-8831-DF402DBB0691}.Debug|Any CPU.ActiveCfg = Debug|x64
		{C8F93E07-6303-4DD7-8831-DF402DBB0691}.Debug|x64.ActiveCfg = Debug|x64
		{C8F93E07-6303-4DD7-8831-DF402DBB0691}.Debug|x64.Build.0 = Debug|x64
		{C8F93E07-6303-4DD7-8831-DF402DBB0691}.Release|Any CPU.ActiveCfg = Release|x64
		{C8F93E07-6303-4DD7-8831-DF402DBB0691}.Release|x64.ActiveCfg = Release|x64
		{C8F93E07-6303-4DD7-8831-DF402DBB0691}.Release|x64.Build.0 = Release|x64
		{E81D3FC6-119C-410A-9704-19FBD9BA5D1B}.Debug|Any CPU.ActiveCfg = Debug|x64
		{E81D3FC6-119C-410A-9704-19FBD9BA5D1B}.Debug|x64.ActiveCfg = Debug|x64
		{E81D3FC6-119C-410A-9704-19FBD9BA5D1B}.Debug|x64.Build.0 = Debug|x64
		{E81D3FC6-119C-410A-9704-19FBD9BA5D1B}.Release|Any CPU.ActiveCfg = Release|x64
		{E81D3FC6-119C-410A-9704-19FBD9BA5D1B}.Release|x64.ActiveCfg = Release|x64
		{E81D3FC6-119C-410A-9704-19FBD9BA5D1B}.Release|x64.Build.0 = Release|x64
		{40285E86-2B3A-4BA2-99D8-8D3F07A4909A}.Debug|Any CPU.ActiveCfg = Debug|x64
		{40285E86-2B3A-4BA2-99D8-8D3F07A4909A}.Debug|x64.ActiveCfg = Debug|x64
		{40285E86-2B3A-4BA2-99D8-8D3F07A4909A}.Debug|x64.Build.0 = Debug|x64
		{40285E86-2B3A-4BA2-99D8-8D3F07A4909A}.Release|Any CPU.ActiveCfg = Release|x64
		{40285E86-2B3A-4BA2-99D8-8D3F07A4909A}.Release|x64.ActiveCfg = Release|x64
		{40285E86-2B3A-4BA2-99D8-8D3F07A4909A}.Release|x64.Build.0 = Release|x64
		{EB9FDC0A-7CFD-4E42-8442-9A9D40511162}.Debug|Any CPU.ActiveCfg = Debug|x64
		{EB9FDC0A-7CFD-4E42-8442-9A9D40511162}.Debug|x64.ActiveCfg = Debug|x64
		{EB9FDC0A-7CFD-4E42-8442-9A9D40511162}.Debug|x64.Build.0 = Debug|x64
		{EB9FDC0A-7CFD-4E42-8442-9A9D40511162}.Release|Any CPU.ActiveCfg = Release|x64
		{EB9FDC0A-7CFD-4E42-8442-9A9D40511162}.Release|x64.ActiveCfg = Release|x64
		{EB9FDC0A-7CFD-4E42-8442-9A9D40511162}.Release|x64.Build.0 = Release|x64
		{DF5C4125-681C-42D3-8763-ECD78385888C}.Debug|Any CPU.ActiveCfg = Debug|x64
		{DF5C4125-681C-42D3-8763-ECD78385888C}.Debug|x64.ActiveCfg = Debug|x64
		{DF5C4125-681C-42D3-8763-ECD78385888C}.Debug|x64.Build.0 = Debug|x64
		{DF5C4125-681C-42D3-8763-ECD78385888C}.Release|Any CPU.ActiveCfg = Release|x64
		{DF5C4125-681C-42D3-8763-ECD78385888C}.Release|x64.ActiveCfg = Release|x64
		{DF5C4125-681C-42D3-8763-ECD78385888C}.Release|x64.Build.0 = Release|x64
		{CB93108B-ED0C-4AB3-A349-8637E6807ED5}.Debug|Any CPU.ActiveCfg = Debug|x64
		{CB93108B-ED0C-4AB3-A349-8637E6807ED5}.Debug|x64.ActiveCfg = Debug|x64
		{CB93108B-ED0C-4AB3-A349-8637E6807ED5}.Debug|x64.Build.0 = Debug|x64
		{CB93108B-ED0C-4AB3-A349-8637E6807ED5}.Release|Any CPU.ActiveCfg = Release|x64
		{CB93108B-ED0C-4AB3-A349-8637E6807ED5}.Release|x64.ActiveCfg = Release|x64
		{CB93108B-ED0C-4AB3-A349-8637E6807ED5}.Release|x64.Build.0 = Release|x64
		{F7184B09-1086-4ECF-A833-4088389468B1}.Debug|Any CPU.ActiveCfg = Debug|x64
		{F7184B09-1086-4ECF-A833-4088389468B1}.Debug|x64.ActiveCfg = Debug|x64
		{F7184B09-1086-4ECF-A833-4088389468B1}.Debug|x64.Build.0 = Debug|x64
		{F7184B09-1086-4ECF-A833-4088389468B1}.Release|Any CPU.ActiveCfg = Release|x64
		{F7184B09-1086-4ECF-A833-4088389468B1}.Release|x64.ActiveCfg = Release|x64
		{F7184B09-1086-4ECF-A833-4088389468B1}.Release|x64.Build.0 = Release|x64
		{45ABC2B9-730E-450F-BBE7-B9894BCDB0C6}.Debug|Any CPU.ActiveCfg = Debug|x64
		{45ABC2B9-730E-450F-BBE7-B9894BCDB0C6}.Debug|x64.ActiveCfg = Debug|x64
		{45ABC2B9-730E-450F-BBE7-B9894BCDB0C6}.Debug|x64.Build.0 = Debug|x64
		{45ABC2B9-730E-450F-BBE7-B9894BCDB0C6}.Release|Any CPU.ActiveCfg = Release|x64
		{45ABC2B9-730E-450F-BBE7-B9894BCDB0C6}.Release|x64.ActiveCfg = Release|x64
		{45ABC2B9-730E-450F-BBE7-B9894BCDB0C6}.Release|x64.Build.0 = Release|x64
		{75AD5475-3AA7-4A84-AC0A-620688C85E53}.Debug|Any CPU.ActiveCfg = Debug|x64
		{75AD5475-3AA7-4A84-AC0A-620688C85E53}.Debug|x64.ActiveCfg = Debug|x64
		{75AD5475-3AA7-4A84-AC0A-620688C85E53}.Debug|x64.Build.0 = Debug|x64
		{75AD5475-3AA7-4A84-AC0A-620688C85E53}.Release|Any CPU.ActiveCfg = Release|x64
		{75AD5475-3AA7-4A84-AC0A-620688C85E53}.Release|x64.ActiveCfg = Release|x64
		{75AD5475-3AA7-4A84-AC0A-620688C85E53}.Release|x64.Build.0 = Release|x64
		{9D23DA22-6ECC-47CB-85F7-0BF440B88298}.Debug|Any CPU.ActiveCfg = Debug|x64
		{9D23DA22-6ECC-47CB-85F7-0BF440B88298}.Debug|x64.ActiveCfg = Debug|x64
		{9D23DA22-6ECC-47CB-85F7-0BF440B88298}.Debug|x64.Build.0 = Debug|x64
		{9D23DA22-6ECC-47CB-85F7-0BF440B88298}.Release|Any CPU.ActiveCfg = Release|x64
		{9D23DA22-6ECC-47CB-85F7-0BF440B88298}.Release|x64.ActiveCfg = Release|x64
		{9D23DA22-6ECC-47CB-85F7-0BF440B88298}.Release|x64.Build.0 = Release|x64
		{B65A0FB2-E49B-4FE9-93F7-EAE6B8E51944}.Debug|Any CPU.ActiveCfg = Debug|x64
		{B65A0FB2-E49B-4FE9-93F7-EAE6B8E51944}.Debug|x64.ActiveCfg = Debug|x64
		{B65A0FB2-E49B-4FE9-93F7-EAE6B8E51944}.Debug|x64.Build.0 = Debug|x64
		{B65A0FB2-E49B-4FE9-93F7-EAE6B8E51944}.Release|Any CPU.ActiveCfg = Release|x64
		{B65A0FB2-E49B-4FE9-93F7-EAE6B8E51944}.Release|x64.ActiveCfg = Release|x64
		{B65A0FB2-E49B-4FE9-93F7-EAE6B8E51944}.Release|x64.Build.0 = Release|x64
		{59BA1529-803F-49F7-8D87-1A50322BD563}.Debug|Any CPU.ActiveCfg = Debug|x64
		{59BA1529-803F-49F7-8D87-1A50322BD563}.Debug|x64.ActiveCfg = Debug|x64
		{59BA1529-803F-49F7-8D87-1A50322BD563}.Debug|x64.Build.0 = Debug|x64
		{59BA1529-803F-49F7-8D87-1A50322BD563}.Release|Any CPU.ActiveCfg = Release|x64
		{59BA1529-803F-49F7-8D87-1A50322BD563}.Release|x64.ActiveCfg = Release|x64
		{59BA1529-803F-49F7-8D87-1A50322BD563}.Release|x64.Build.0 = Release|x64
		{A226E332-B18C-48F1-A582-2325973F0DF2}.Debug|Any CPU.ActiveCfg = Debug|x64
		{A226E332-B18C-48F1-A582-2325973F0DF2}.Debug|x64.ActiveCfg = Debug|x64
		{A226E332-B18C-48F1-A582-2325973F0DF2}.Debug|x64.Build.0 = Debug|x64
		{A226E332-B18C-48F1-A582-2325973F0DF2}.Release|Any CPU.ActiveCfg = Release|x64
		{A226E332-B18C-48F1-A582-2325973F0DF2}.Release|x64.ActiveCfg = Release|x64
		{A226E332-B18C-48F1-A582-2325973F0DF2}.Release|x64.Build.0 = Release|x64
		{3D9DB426-BA46-450B-BBAC-DABB6B6D69DE}.Debug|Any CPU.ActiveCfg = Debug|x64
		{3D9DB426-BA46-450B-BBAC-DABB6B6D69DE}.Debug|x64.ActiveCfg = Debug|x64
		{3D9DB426-BA46-450B-BBAC-DABB6B6D69DE}.Debug|x64.Build.0 = Debug|x64
		{3D9DB426-BA46-450B-BBAC-DABB6B6D69DE}.Release|Any CPU.ActiveCfg = Release|x64
		{3D9DB426-BA46-450B-BBAC-DABB6B6D69DE}.Release|x64.ActiveCfg = Release|x64
		{3D9DB426-BA46-450B-BBAC-DABB6B6D69DE}.Release|x64.Build.0 = Release|x64
		{536C275E-04B2-457F-9DD6-303621B349C2}.Debug|Any CPU.ActiveCfg = Debug|Any CPU
		{536C275E-04B2-457F-9DD6-303621B349C2}.Debug|Any CPU.Build.0 = Debug|Any CPU
		{536C275E-04B2-457F-9DD6-303621B349C2}.Debug|x64.ActiveCfg = Debug|Any CPU
		{536C275E-04B2-457F-9DD6-303621B349C2}.Debug|x64.Build.0 = Debug|Any CPU
		{536C275E-04B2-457F-9DD6-303621B349C2}.Release|Any CPU.ActiveCfg = Release|Any CPU
		{536C275E-04B2-457F-9DD6-303621B349C2}.Release|Any CPU.Build.0 = Release|Any CPU
		{536C275E-04B2-457F-9DD6-303621B349C2}.Release|x64.ActiveCfg = Release|Any CPU
		{536C275E-04B2-457F-9DD6-303621B349C2}.Release|x64.Build.0 = Release|Any CPU
	EndGlobalSection
	GlobalSection(SolutionProperties) = preSolution
		HideSolutionNode = FALSE
	EndGlobalSection
	GlobalSection(NestedProjects) = preSolution
		{8F2AA50E-1F15-41E8-9EB9-07C7D0BB757C} = {410C8A08-63DC-45B2-ADB9-08CD991861F0}
		{A50912AD-3AD8-410D-BB58-F7FC1565C5E9} = {410C8A08-63DC-45B2-ADB9-08CD991861F0}
		{C8F93E07-6303-4DD7-8831-DF402DBB0691} = {374F8F3D-D507-4C1A-AEAD-376B22AAEC5F}
		{E81D3FC6-119C-410A-9704-19FBD9BA5D1B} = {374F8F3D-D507-4C1A-AEAD-376B22AAEC5F}
		{40285E86-2B3A-4BA2-99D8-8D3F07A4909A} = {374F8F3D-D507-4C1A-AEAD-376B22AAEC5F}
		{EB9FDC0A-7CFD-4E42-8442-9A9D40511162} = {2EDDAD6B-1B81-4FE1-B2CA-1A166883EC11}
		{DF5C4125-681C-42D3-8763-ECD78385888C} = {2EDDAD6B-1B81-4FE1-B2CA-1A166883EC11}
		{CB93108B-ED0C-4AB3-A349-8637E6807ED5} = {2EDDAD6B-1B81-4FE1-B2CA-1A166883EC11}
		{F7184B09-1086-4ECF-A833-4088389468B1} = {2EDDAD6B-1B81-4FE1-B2CA-1A166883EC11}
		{45ABC2B9-730E-450F-BBE7-B9894BCDB0C6} = {2EDDAD6B-1B81-4FE1-B2CA-1A166883EC11}
		{75AD5475-3AA7-4A84-AC0A-620688C85E53} = {410C8A08-63DC-45B2-ADB9-08CD991861F0}
		{9D23DA22-6ECC-47CB-85F7-0BF440B88298} = {410C8A08-63DC-45B2-ADB9-08CD991861F0}
		{B65A0FB2-E49B-4FE9-93F7-EAE6B8E51944} = {07081D27-3DDB-4054-BAC4-4B5F8F95EA13}
		{59BA1529-803F-49F7-8D87-1A50322BD563} = {2EDDAD6B-1B81-4FE1-B2CA-1A166883EC11}
		{A226E332-B18C-48F1-A582-2325973F0DF2} = {2EDDAD6B-1B81-4FE1-B2CA-1A166883EC11}
		{3D9DB426-BA46-450B-BBAC-DABB6B6D69DE} = {6FA904D8-5337-4796-B140-65550CCB3703}
		{536C275E-04B2-457F-9DD6-303621B349C2} = {32F9A73B-4454-4A75-A0D6-61673A7A06BA}
	EndGlobalSection
	GlobalSection(ExtensibilityGlobals) = postSolution
		SolutionGuid = {FC0635D4-DDBA-4CFE-8273-5C4E51F2B97B}
	EndGlobalSection
EndGlobal
