
Microsoft Visual Studio Solution File, Format Version 12.00
# Visual Studio 14
VisualStudioVersion = 14.0.23107.0
MinimumVisualStudioVersion = 10.0.40219.1
Project("{8BC9CEB8-8B4A-11D0-8D11-00A0C91BC942}") = "AFNetEvpp", "SDK\NetEvpp\NetEvpp.vcxproj", "{403EB74F-6AF5-4250-8DA5-9D3CBFB7E546}"
EndProject
Project("{8BC9CEB8-8B4A-11D0-8D11-00A0C91BC942}") = "NetTestServer", "SDK\NetEvpp\NetTestServer.vcxproj", "{9B9C8663-1355-4A22-ABB9-20BB2BF89473}"
EndProject
Project("{8BC9CEB8-8B4A-11D0-8D11-00A0C91BC942}") = "NetTestClient", "SDK\NetEvpp\NetTestClient.vcxproj", "{1953DCD4-3E9D-4017-B4A2-1A8675A70280}"
EndProject
Project("{8BC9CEB8-8B4A-11D0-8D11-00A0C91BC942}") = "evpp_static", "..\Dep\evpp\vsprojects\libevpp.vcxproj", "{4877AA94-AD55-407F-9ED3-D4503FAB2A7F}"
EndProject
Global
	GlobalSection(SolutionConfigurationPlatforms) = preSolution
		Debug|x64 = Debug|x64
		Debug|x86 = Debug|x86
		Release|x64 = Release|x64
		Release|x86 = Release|x86
	EndGlobalSection
	GlobalSection(ProjectConfigurationPlatforms) = postSolution
		{403EB74F-6AF5-4250-8DA5-9D3CBFB7E546}.Debug|x64.ActiveCfg = Debug|x64
		{403EB74F-6AF5-4250-8DA5-9D3CBFB7E546}.Debug|x64.Build.0 = Debug|x64
		{403EB74F-6AF5-4250-8DA5-9D3CBFB7E546}.Debug|x86.ActiveCfg = Debug|x64
		{403EB74F-6AF5-4250-8DA5-9D3CBFB7E546}.Release|x64.ActiveCfg = Release|x64
		{403EB74F-6AF5-4250-8DA5-9D3CBFB7E546}.Release|x64.Build.0 = Release|x64
		{403EB74F-6AF5-4250-8DA5-9D3CBFB7E546}.Release|x86.ActiveCfg = Release|x64
		{9B9C8663-1355-4A22-ABB9-20BB2BF89473}.Debug|x64.ActiveCfg = Debug|x64
		{9B9C8663-1355-4A22-ABB9-20BB2BF89473}.Debug|x64.Build.0 = Debug|x64
		{9B9C8663-1355-4A22-ABB9-20BB2BF89473}.Debug|x86.ActiveCfg = Debug|x64
		{9B9C8663-1355-4A22-ABB9-20BB2BF89473}.Release|x64.ActiveCfg = Release|x64
		{9B9C8663-1355-4A22-ABB9-20BB2BF89473}.Release|x64.Build.0 = Release|x64
		{9B9C8663-1355-4A22-ABB9-20BB2BF89473}.Release|x86.ActiveCfg = Release|x64
		{1953DCD4-3E9D-4017-B4A2-1A8675A70280}.Debug|x64.ActiveCfg = Debug|x64
		{1953DCD4-3E9D-4017-B4A2-1A8675A70280}.Debug|x64.Build.0 = Debug|x64
		{1953DCD4-3E9D-4017-B4A2-1A8675A70280}.Debug|x86.ActiveCfg = Debug|x64
		{1953DCD4-3E9D-4017-B4A2-1A8675A70280}.Release|x64.ActiveCfg = Release|x64
		{1953DCD4-3E9D-4017-B4A2-1A8675A70280}.Release|x64.Build.0 = Release|x64
		{1953DCD4-3E9D-4017-B4A2-1A8675A70280}.Release|x86.ActiveCfg = Release|x64
		{4877AA94-AD55-407F-9ED3-D4503FAB2A7F}.Debug|x64.ActiveCfg = Debug|x64
		{4877AA94-AD55-407F-9ED3-D4503FAB2A7F}.Debug|x64.Build.0 = Debug|x64
		{4877AA94-AD55-407F-9ED3-D4503FAB2A7F}.Debug|x86.ActiveCfg = Debug|Win32
		{4877AA94-AD55-407F-9ED3-D4503FAB2A7F}.Debug|x86.Build.0 = Debug|Win32
		{4877AA94-AD55-407F-9ED3-D4503FAB2A7F}.Release|x64.ActiveCfg = Release|x64
		{4877AA94-AD55-407F-9ED3-D4503FAB2A7F}.Release|x64.Build.0 = Release|x64
		{4877AA94-AD55-407F-9ED3-D4503FAB2A7F}.Release|x86.ActiveCfg = Release|Win32
		{4877AA94-AD55-407F-9ED3-D4503FAB2A7F}.Release|x86.Build.0 = Release|Win32
	EndGlobalSection
	GlobalSection(SolutionProperties) = preSolution
		HideSolutionNode = FALSE
	EndGlobalSection
EndGlobal
