<?xml version="1.0" encoding="utf-8"?>
<Project ToolsVersion="4.0" xmlns="http://schemas.microsoft.com/developer/msbuild/2003">
  <ItemGroup>
    <ClInclude Include="AFLimit.h" />
    <ClInclude Include="AFMsgDefine.h" />
    <ClInclude Include="AFMsgShare.pb.h" />
    <ClInclude Include="AFDefine.pb.h" />
    <ClInclude Include="AFMsgBase.pb.h" />
    <ClInclude Include="AFMsgPreGame.pb.h" />
    <ClInclude Include="AFFleetingDefine.pb.h" />
    <ClInclude Include="AFSLGDefine.pb.h" />
    <ClInclude Include="AFMsgURl.pb.h" />
    <ClInclude Include="AFProtocolDefine.hpp" />
    <ClInclude Include="AFMsgMysql.pb.h" />
  </ItemGroup>
  <ItemGroup>
    <ClCompile Include="AFMsgShare.pb.cc" />
    <ClCompile Include="AFDefine.pb.cc" />
    <ClCompile Include="AFMsgBase.pb.cc" />
    <ClCompile Include="AFMsgPreGame.pb.cc" />
    <ClCompile Include="AFMsgDefine.cpp" />
    <ClCompile Include="AFFleetingDefine.pb.cc" />
    <ClCompile Include="AFSLGDefine.pb.cc" />
    <ClCompile Include="AFMsgURl.pb.cc" />
    <ClCompile Include="AFMsgMysql.pb.cc" />
  </ItemGroup>
</Project>