<?xml version="1.0" encoding="utf-8"?>
<Project ToolsVersion="4.0" xmlns="http://schemas.microsoft.com/developer/msbuild/2003">
  <ItemGroup>
    <Filter Include="cpp">
      <UniqueIdentifier>{441903d5-82e2-463a-a46f-ed64b6028e03}</UniqueIdentifier>
    </Filter>
  </ItemGroup>
  <ItemGroup>
    <ClCompile Include="cpp\AFCommonCSMsg.pb.cc">
      <Filter>cpp</Filter>
    </ClCompile>
    <ClCompile Include="cpp\AFCommonMsg.pb.cc">
      <Filter>cpp</Filter>
    </ClCompile>
    <ClCompile Include="cpp\AFCommonSSMsg.pb.cc">
      <Filter>cpp</Filter>
    </ClCompile>
    <ClCompile Include="cpp\AFCSMsg.pb.cc">
      <Filter>cpp</Filter>
    </ClCompile>
    <ClCompile Include="cpp\AFErrorCode.pb.cc">
      <Filter>cpp</Filter>
    </ClCompile>
    <ClCompile Include="cpp\AFEventCode.pb.cc">
      <Filter>cpp</Filter>
    </ClCompile>
    <ClCompile Include="cpp\AFMsgMysql.pb.cc">
      <Filter>cpp</Filter>
    </ClCompile>
    <ClCompile Include="cpp\AFMsgURl.pb.cc">
      <Filter>cpp</Filter>
    </ClCompile>
    <ClCompile Include="cpp\AFSSMsg.pb.cc">
      <Filter>cpp</Filter>
    </ClCompile>
  </ItemGroup>
  <ItemGroup>
    <ClInclude Include="cpp\AFCommonCSMsg.pb.h">
      <Filter>cpp</Filter>
    </ClInclude>
    <ClInclude Include="cpp\AFCommonMsg.pb.h">
      <Filter>cpp</Filter>
    </ClInclude>
    <ClInclude Include="cpp\AFCommonSSMsg.pb.h">
      <Filter>cpp</Filter>
    </ClInclude>
    <ClInclude Include="cpp\AFCSMsg.pb.h">
      <Filter>cpp</Filter>
    </ClInclude>
    <ClInclude Include="cpp\AFErrorCode.pb.h">
      <Filter>cpp</Filter>
    </ClInclude>
    <ClInclude Include="cpp\AFEventCode.pb.h">
      <Filter>cpp</Filter>
    </ClInclude>
    <ClInclude Include="cpp\AFMsgMysql.pb.h">
      <Filter>cpp</Filter>
    </ClInclude>
    <ClInclude Include="cpp\AFMsgURl.pb.h">
      <Filter>cpp</Filter>
    </ClInclude>
    <ClInclude Include="cpp\AFSSMsg.pb.h">
      <Filter>cpp</Filter>
    </ClInclude>
  </ItemGroup>
</Project>