<?xml version="1.0" encoding="utf-8"?>
<Project ToolsVersion="4.0" xmlns="http://schemas.microsoft.com/developer/msbuild/2003">
  <ItemGroup>
    <ClInclude Include="AFArrayPod.hpp">
      <Filter>Base</Filter>
    </ClInclude>
    <ClInclude Include="AFBitValue.hpp">
      <Filter>Base</Filter>
    </ClInclude>
    <ClInclude Include="AFCAddConsistentHash.hpp">
      <Filter>Base</Filter>
    </ClInclude>
    <ClInclude Include="AFCConsistentHash.hpp">
      <Filter>Base</Filter>
    </ClInclude>
    <ClInclude Include="AFCData.h">
      <Filter>Base</Filter>
    </ClInclude>
    <ClInclude Include="AFCDataList.h">
      <Filter>Base</Filter>
    </ClInclude>
    <ClInclude Include="AFCoreDef.hpp">
      <Filter>Base</Filter>
    </ClInclude>
    <ClInclude Include="AFDefine.h">
      <Filter>Base</Filter>
    </ClInclude>
    <ClInclude Include="AFGUID.h">
      <Filter>Base</Filter>
    </ClInclude>
    <ClInclude Include="AFHashmap.h">
      <Filter>Base</Filter>
    </ClInclude>
    <ClInclude Include="AFIData.h">
      <Filter>Base</Filter>
    </ClInclude>
    <ClInclude Include="AFIDataList.h">
      <Filter>Base</Filter>
    </ClInclude>
    <ClInclude Include="AFList.h">
      <Filter>Base</Filter>
    </ClInclude>
    <ClInclude Include="AFLockFreeQueue.h">
      <Filter>Base</Filter>
    </ClInclude>
    <ClInclude Include="AFMacros.hpp">
      <Filter>Base</Filter>
    </ClInclude>
    <ClInclude Include="AFMap.h">
      <Filter>Base</Filter>
    </ClInclude>
    <ClInclude Include="AFMapEx.h">
      <Filter>Base</Filter>
    </ClInclude>
    <ClInclude Include="AFMemManger.h">
      <Filter>Base</Filter>
    </ClInclude>
    <ClInclude Include="AFNoncopyable.hpp">
      <Filter>Base</Filter>
    </ClInclude>
    <ClInclude Include="AFPlatform.hpp">
      <Filter>Base</Filter>
    </ClInclude>
    <ClInclude Include="AFQueue.h">
      <Filter>Base</Filter>
    </ClInclude>
    <ClInclude Include="AFRWLock.hpp">
      <Filter>Base</Filter>
    </ClInclude>
    <ClInclude Include="AFSingleton.hpp">
      <Filter>Base</Filter>
    </ClInclude>
    <ClInclude Include="AFString.hpp">
      <Filter>Base</Filter>
    </ClInclude>
    <ClInclude Include="AFStringPod.hpp">
      <Filter>Base</Filter>
    </ClInclude>
    <ClInclude Include="AFTimerManager.h">
      <Filter>Base</Filter>
    </ClInclude>
    <ClInclude Include="AFVector3.hpp">
      <Filter>Base</Filter>
    </ClInclude>
    <ClInclude Include="AFTime.hpp">
      <Filter>Base</Filter>
    </ClInclude>
    <ClInclude Include="AFArrayMap.hpp">
      <Filter>Base</Filter>
    </ClInclude>
  </ItemGroup>
  <ItemGroup>
    <Filter Include="Base">
      <UniqueIdentifier>{dd555b95-73ea-4977-9d6a-cfeb81685d58}</UniqueIdentifier>
    </Filter>
  </ItemGroup>
</Project>