<?xml version="1.0" encoding="utf-8"?>
<Project ToolsVersion="4.0" xmlns="http://schemas.microsoft.com/developer/msbuild/2003">
  <ItemGroup>
    <ClCompile Include="AFDirPlugin.cpp" />
    <ClCompile Include="dllmain.cpp" />
    <ClCompile Include="AFCDirNetServerModule.cpp">
      <Filter>NetModule</Filter>
    </ClCompile>
    <ClCompile Include="AFCDirNetClientModule.cpp">
      <Filter>NetModule</Filter>
    </ClCompile>
  </ItemGroup>
  <ItemGroup>
    <ClInclude Include="AFDirPlugin.h" />
    <ClInclude Include="AFCDirNetServerModule.h">
      <Filter>NetModule</Filter>
    </ClInclude>
    <ClInclude Include="AFCDirNetClientModule.h">
      <Filter>NetModule</Filter>
    </ClInclude>
  </ItemGroup>
  <ItemGroup>
    <Filter Include="NetModule">
      <UniqueIdentifier>{7d38ba3a-0285-445a-9b20-1c29935054f4}</UniqueIdentifier>
    </Filter>
  </ItemGroup>
</Project>