<?xml version="1.0" encoding="utf-8"?>
<Project ToolsVersion="4.0" xmlns="http://schemas.microsoft.com/developer/msbuild/2003">
  <ItemGroup>
    <ClInclude Include="HelloWorld1.h" />
    <ClInclude Include="Tutorial1Plugin.h" />
  </ItemGroup>
  <ItemGroup>
    <ClCompile Include="dllmain.cpp" />
    <ClCompile Include="HelloWorld1.cpp" />
    <ClCompile Include="Tutorial1Plugin.cpp" />
  </ItemGroup>
</Project>