<?xml version="1.0" encoding="utf-8"?>
<Project ToolsVersion="4.0" xmlns="http://schemas.microsoft.com/developer/msbuild/2003">
  <ItemGroup>
    <ClInclude Include="AFCPluginManager.h" />
    <ClInclude Include="AFCDynLib.h" />
  </ItemGroup>
  <ItemGroup>
    <ClCompile Include="AFCDynLib.cpp" />
    <ClCompile Include="AFCPluginManager.cpp" />
    <ClCompile Include="AFMain.cpp" />
  </ItemGroup>
</Project>