<?xml version="1.0" encoding="utf-8"?>
<Project ToolsVersion="4.0" xmlns="http://schemas.microsoft.com/developer/msbuild/2003">
  <ItemGroup>
    <Filter Include="NFLevelModule">
      <UniqueIdentifier>{aa533cce-b50a-4d4d-8afa-bb17e50e601b}</UniqueIdentifier>
    </Filter>
    <Filter Include="NFSceneModule">
      <UniqueIdentifier>{d60b14e4-c04c-46c0-ab8e-f0d3b6bdddbf}</UniqueIdentifier>
    </Filter>
    <Filter Include="NFPropertyModule">
      <UniqueIdentifier>{8e42431a-1328-4cf4-8d08-38101ed10817}</UniqueIdentifier>
    </Filter>
  </ItemGroup>
  <ItemGroup>
    <ClCompile Include="dllmain.cpp" />
    <ClCompile Include="AFCCreateRoleModule.cpp" />
    <ClCompile Include="AFCEventRouteModule.cpp" />
    <ClCompile Include="AFCGameServerModule.cpp" />
    <ClCompile Include="AFGameServerPlugin.cpp" />
    <ClCompile Include="AFCPropertyConfigModule.cpp">
      <Filter>NFPropertyModule</Filter>
    </ClCompile>
    <ClCompile Include="AFCPropertyModule.cpp">
      <Filter>NFPropertyModule</Filter>
    </ClCompile>
    <ClCompile Include="AFCPropertyTrailModule.cpp">
      <Filter>NFPropertyModule</Filter>
    </ClCompile>
    <ClCompile Include="AFCSceneProcessModule.cpp">
      <Filter>NFSceneModule</Filter>
    </ClCompile>
    <ClCompile Include="AFCLevelModule.cpp">
      <Filter>NFLevelModule</Filter>
    </ClCompile>
  </ItemGroup>
  <ItemGroup>
    <ClInclude Include="AFCCreateRoleModule.h" />
    <ClInclude Include="AFCEventRouteModule.h" />
    <ClInclude Include="AFCGameServerModule.h" />
    <ClInclude Include="AFGameServerPlugin.h" />
    <ClInclude Include="AFCPropertyConfigModule.h">
      <Filter>NFPropertyModule</Filter>
    </ClInclude>
    <ClInclude Include="AFCPropertyModule.h">
      <Filter>NFPropertyModule</Filter>
    </ClInclude>
    <ClInclude Include="AFCPropertyTrailModule.h">
      <Filter>NFPropertyModule</Filter>
    </ClInclude>
    <ClInclude Include="AFCSceneProcessModule.h">
      <Filter>NFSceneModule</Filter>
    </ClInclude>
    <ClInclude Include="AFCLevelModule.h">
      <Filter>NFLevelModule</Filter>
    </ClInclude>
  </ItemGroup>
</Project>