<?xml version="1.0" encoding="utf-8"?>
<Project ToolsVersion="4.0" xmlns="http://schemas.microsoft.com/developer/msbuild/2003">
  <ItemGroup>
    <ClCompile Include="dllmain.cpp" />
    <ClCompile Include="AFCClassModule.cpp">
      <Filter>ClassModule</Filter>
    </ClCompile>
    <ClCompile Include="AFCElementModule.cpp">
      <Filter>ElementModule</Filter>
    </ClCompile>
    <ClCompile Include="AFConfigPlugin.cpp">
      <Filter>Plugin</Filter>
    </ClCompile>
  </ItemGroup>
  <ItemGroup>
    <ClInclude Include="AFCClassModule.h">
      <Filter>ClassModule</Filter>
    </ClInclude>
    <ClInclude Include="AFCElementModule.h">
      <Filter>ElementModule</Filter>
    </ClInclude>
    <ClInclude Include="AFConfigPlugin.h">
      <Filter>Plugin</Filter>
    </ClInclude>
  </ItemGroup>
  <ItemGroup>
    <Filter Include="Plugin">
      <UniqueIdentifier>{7b20af2e-e6c1-47f9-af4d-c9f3a413d883}</UniqueIdentifier>
    </Filter>
    <Filter Include="ClassModule">
      <UniqueIdentifier>{6f9f783d-8e11-4950-b0a6-2f71a7e235b4}</UniqueIdentifier>
    </Filter>
    <Filter Include="ElementModule">
      <UniqueIdentifier>{c0f3de19-c004-43cd-a113-ca4bb5779a93}</UniqueIdentifier>
    </Filter>
  </ItemGroup>
</Project>